
Microsoft Visual Studio Solution File, Format Version 12.00
# Visual Studio Version 16
VisualStudioVersion = 16.0.29215.179
MinimumVisualStudioVersion = 10.0.40219.1
Project("{FAE04EC0-301F-11D3-BF4B-00C04F79EFBC}") = "TddCalcApp", "TddCalcApp\TddCalcApp.csproj", "{08C4028F-15CC-4F40-A441-84903C2CE6A8}"
EndProject
Project("{FAE04EC0-301F-11D3-BF4B-00C04F79EFBC}") = "TddCalcApp.library", "TddCalcApp.library\TddCalcApp.library.csproj", "{E51D4CB8-5511-4C9B-98C8-D3D1BBE51102}"
EndProject
Global
	GlobalSection(SolutionConfigurationPlatforms) = preSolution
		Debug|Any CPU = Debug|Any CPU
		Release|Any CPU = Release|Any CPU
	EndGlobalSection
	GlobalSection(ProjectConfigurationPlatforms) = postSolution
		{08C4028F-15CC-4F40-A441-84903C2CE6A8}.Debug|Any CPU.ActiveCfg = Debug|Any CPU
		{08C4028F-15CC-4F40-A441-84903C2CE6A8}.Debug|Any CPU.Build.0 = Debug|Any CPU
		{08C4028F-15CC-4F40-A441-84903C2CE6A8}.Release|Any CPU.ActiveCfg = Release|Any CPU
		{08C4028F-15CC-4F40-A441-84903C2CE6A8}.Release|Any CPU.Build.0 = Release|Any CPU
		{E51D4CB8-5511-4C9B-98C8-D3D1BBE51102}.Debug|Any CPU.ActiveCfg = Debug|Any CPU
		{E51D4CB8-5511-4C9B-98C8-D3D1BBE51102}.Debug|Any CPU.Build.0 = Debug|Any CPU
		{E51D4CB8-5511-4C9B-98C8-D3D1BBE51102}.Release|Any CPU.ActiveCfg = Release|Any CPU
		{E51D4CB8-5511-4C9B-98C8-D3D1BBE51102}.Release|Any CPU.Build.0 = Release|Any CPU
	EndGlobalSection
	GlobalSection(SolutionProperties) = preSolution
		HideSolutionNode = FALSE
	EndGlobalSection
	GlobalSection(ExtensibilityGlobals) = postSolution
		SolutionGuid = {0AD9B38C-71B7-453F-9B18-162B8FB56D4D}
	EndGlobalSection
EndGlobal
